
Microsoft Visual Studio Solution File, Format Version 12.00
# Visual Studio Version 17
VisualStudioVersion = 17.9.34607.119
MinimumVisualStudioVersion = 10.0.40219.1
Project("{FAE04EC0-301F-11D3-BF4B-00C04F79EFBC}") = "SOLIDPrinciples", "SOLID-Principles\SOLIDPrinciples.csproj", "{3D15C701-CB07-4A8D-BCA1-9F2239AB2740}"
EndProject
Project("{FAE04EC0-301F-11D3-BF4B-00C04F79EFBC}") = "SRP", "SRP\SRP.csproj", "{F1C57B5E-FF82-45BF-B61E-7519CAAFBE77}"
EndProject
Project("{FAE04EC0-301F-11D3-BF4B-00C04F79EFBC}") = "OCP", "OCP\OCP.csproj", "{5568DA44-03B9-47E9-B5CA-BF17DD266CAC}"
EndProject
Project("{FAE04EC0-301F-11D3-BF4B-00C04F79EFBC}") = "LSP", "LSP\LSP.csproj", "{55E8977F-3D38-42EC-944C-B66882FC7CE1}"
EndProject
Project("{FAE04EC0-301F-11D3-BF4B-00C04F79EFBC}") = "ISP", "ISP\ISP.csproj", "{BAA3BD80-79EC-4B23-AF2F-59FEAB871B0C}"
EndProject
Project("{FAE04EC0-301F-11D3-BF4B-00C04F79EFBC}") = "DIP", "DIP\DIP.csproj", "{FECB51D0-9E94-4BDC-958B-C3A7F2D21B85}"
EndProject
Global
	GlobalSection(SolutionConfigurationPlatforms) = preSolution
		Debug|Any CPU = Debug|Any CPU
		Release|Any CPU = Release|Any CPU
	EndGlobalSection
	GlobalSection(ProjectConfigurationPlatforms) = postSolution
		{3D15C701-CB07-4A8D-BCA1-9F2239AB2740}.Debug|Any CPU.ActiveCfg = Debug|Any CPU
		{3D15C701-CB07-4A8D-BCA1-9F2239AB2740}.Debug|Any CPU.Build.0 = Debug|Any CPU
		{3D15C701-CB07-4A8D-BCA1-9F2239AB2740}.Release|Any CPU.ActiveCfg = Release|Any CPU
		{3D15C701-CB07-4A8D-BCA1-9F2239AB2740}.Release|Any CPU.Build.0 = Release|Any CPU
		{F1C57B5E-FF82-45BF-B61E-7519CAAFBE77}.Debug|Any CPU.ActiveCfg = Debug|Any CPU
		{F1C57B5E-FF82-45BF-B61E-7519CAAFBE77}.Debug|Any CPU.Build.0 = Debug|Any CPU
		{F1C57B5E-FF82-45BF-B61E-7519CAAFBE77}.Release|Any CPU.ActiveCfg = Release|Any CPU
		{F1C57B5E-FF82-45BF-B61E-7519CAAFBE77}.Release|Any CPU.Build.0 = Release|Any CPU
		{5568DA44-03B9-47E9-B5CA-BF17DD266CAC}.Debug|Any CPU.ActiveCfg = Debug|Any CPU
		{5568DA44-03B9-47E9-B5CA-BF17DD266CAC}.Debug|Any CPU.Build.0 = Debug|Any CPU
		{5568DA44-03B9-47E9-B5CA-BF17DD266CAC}.Release|Any CPU.ActiveCfg = Release|Any CPU
		{5568DA44-03B9-47E9-B5CA-BF17DD266CAC}.Release|Any CPU.Build.0 = Release|Any CPU
		{55E8977F-3D38-42EC-944C-B66882FC7CE1}.Debug|Any CPU.ActiveCfg = Debug|Any CPU
		{55E8977F-3D38-42EC-944C-B66882FC7CE1}.Debug|Any CPU.Build.0 = Debug|Any CPU
		{55E8977F-3D38-42EC-944C-B66882FC7CE1}.Release|Any CPU.ActiveCfg = Release|Any CPU
		{55E8977F-3D38-42EC-944C-B66882FC7CE1}.Release|Any CPU.Build.0 = Release|Any CPU
		{BAA3BD80-79EC-4B23-AF2F-59FEAB871B0C}.Debug|Any CPU.ActiveCfg = Debug|Any CPU
		{BAA3BD80-79EC-4B23-AF2F-59FEAB871B0C}.Debug|Any CPU.Build.0 = Debug|Any CPU
		{BAA3BD80-79EC-4B23-AF2F-59FEAB871B0C}.Release|Any CPU.ActiveCfg = Release|Any CPU
		{BAA3BD80-79EC-4B23-AF2F-59FEAB871B0C}.Release|Any CPU.Build.0 = Release|Any CPU
		{FECB51D0-9E94-4BDC-958B-C3A7F2D21B85}.Debug|Any CPU.ActiveCfg = Debug|Any CPU
		{FECB51D0-9E94-4BDC-958B-C3A7F2D21B85}.Debug|Any CPU.Build.0 = Debug|Any CPU
		{FECB51D0-9E94-4BDC-958B-C3A7F2D21B85}.Release|Any CPU.ActiveCfg = Release|Any CPU
		{FECB51D0-9E94-4BDC-958B-C3A7F2D21B85}.Release|Any CPU.Build.0 = Release|Any CPU
	EndGlobalSection
	GlobalSection(SolutionProperties) = preSolution
		HideSolutionNode = FALSE
	EndGlobalSection
	GlobalSection(ExtensibilityGlobals) = postSolution
		SolutionGuid = {32249286-6826-4BF7-8859-EABD7CFBE920}
	EndGlobalSection
EndGlobal
